
Microsoft Visual Studio Solution File, Format Version 12.00
# Visual Studio Version 16
VisualStudioVersion = 16.0.30611.23
MinimumVisualStudioVersion = 10.0.40219.1
Project("{FAE04EC0-301F-11D3-BF4B-00C04F79EFBC}") = "SmartDoorServer", "SmartDoorServer\SmartDoorServer.csproj", "{F511B6A0-32B5-4253-8A9E-86A316AAE632}"
EndProject
Project("{FAE04EC0-301F-11D3-BF4B-00C04F79EFBC}") = "Entities", "Entities\Entities.csproj", "{896037C4-6DD9-4305-995B-527BF27DAE88}"
EndProject
Project("{FAE04EC0-301F-11D3-BF4B-00C04F79EFBC}") = "BL", "BL\BL.csproj", "{D8EC6DC3-3A57-4A4D-8714-ABC1FEC0C5D2}"
EndProject
Project("{FAE04EC0-301F-11D3-BF4B-00C04F79EFBC}") = "DL", "DL\DL.csproj", "{D10BC475-DFE0-4B12-87D7-F09CF41374BC}"
EndProject
Global
	GlobalSection(SolutionConfigurationPlatforms) = preSolution
		Debug|Any CPU = Debug|Any CPU
		Release|Any CPU = Release|Any CPU
	EndGlobalSection
	GlobalSection(ProjectConfigurationPlatforms) = postSolution
		{F511B6A0-32B5-4253-8A9E-86A316AAE632}.Debug|Any CPU.ActiveCfg = Debug|Any CPU
		{F511B6A0-32B5-4253-8A9E-86A316AAE632}.Debug|Any CPU.Build.0 = Debug|Any CPU
		{F511B6A0-32B5-4253-8A9E-86A316AAE632}.Release|Any CPU.ActiveCfg = Release|Any CPU
		{F511B6A0-32B5-4253-8A9E-86A316AAE632}.Release|Any CPU.Build.0 = Release|Any CPU
		{896037C4-6DD9-4305-995B-527BF27DAE88}.Debug|Any CPU.ActiveCfg = Debug|Any CPU
		{896037C4-6DD9-4305-995B-527BF27DAE88}.Debug|Any CPU.Build.0 = Debug|Any CPU
		{896037C4-6DD9-4305-995B-527BF27DAE88}.Release|Any CPU.ActiveCfg = Release|Any CPU
		{896037C4-6DD9-4305-995B-527BF27DAE88}.Release|Any CPU.Build.0 = Release|Any CPU
		{D8EC6DC3-3A57-4A4D-8714-ABC1FEC0C5D2}.Debug|Any CPU.ActiveCfg = Debug|Any CPU
		{D8EC6DC3-3A57-4A4D-8714-ABC1FEC0C5D2}.Debug|Any CPU.Build.0 = Debug|Any CPU
		{D8EC6DC3-3A57-4A4D-8714-ABC1FEC0C5D2}.Release|Any CPU.ActiveCfg = Release|Any CPU
		{D8EC6DC3-3A57-4A4D-8714-ABC1FEC0C5D2}.Release|Any CPU.Build.0 = Release|Any CPU
		{D10BC475-DFE0-4B12-87D7-F09CF41374BC}.Debug|Any CPU.ActiveCfg = Debug|Any CPU
		{D10BC475-DFE0-4B12-87D7-F09CF41374BC}.Debug|Any CPU.Build.0 = Debug|Any CPU
		{D10BC475-DFE0-4B12-87D7-F09CF41374BC}.Release|Any CPU.ActiveCfg = Release|Any CPU
		{D10BC475-DFE0-4B12-87D7-F09CF41374BC}.Release|Any CPU.Build.0 = Release|Any CPU
	EndGlobalSection
	GlobalSection(SolutionProperties) = preSolution
		HideSolutionNode = FALSE
	EndGlobalSection
	GlobalSection(ExtensibilityGlobals) = postSolution
		SolutionGuid = {18DE4357-ECF9-4248-A38D-88B296BD1F15}
	EndGlobalSection
EndGlobal
